{
  "pins" : [
    {
      "identity" : "agorartcengine_ios",
      "kind" : "remoteSourceControl",
      "location" : "https://github.com/AgoraIO/AgoraRtcEngine_iOS",
      "state" : {
        "revision" : "7cce4dcc6ff7471473195c6ccb5b0aa2a6d5ba42",
        "version" : "3.7.0"
      }
    },
    {
      "identity" : "switchboard-sdk-ios",
      "kind" : "remoteSourceControl",
      "location" : "https://github.com/switchboard-sdk/switchboard-sdk-ios",
      "state" : {
        "branch" : "develop",
        "revision" : "74066c2871cf1b99bc6a24c0a096b1adad20fd1a"
      }
    }
  ],
  "version" : 2
}
