{
  "pins" : [
    {
      "identity" : "agorartcengine_ios",
      "kind" : "remoteSourceControl",
      "location" : "https://github.com/AgoraIO/AgoraRtcEngine_iOS",
      "state" : {
        "revision" : "7cce4dcc6ff7471473195c6ccb5b0aa2a6d5ba42",
        "version" : "3.7.0"
      }
    },
    {
      "identity" : "switchboard-sdk-ios",
      "kind" : "remoteSourceControl",
      "location" : "https://github.com/switchboard-sdk/switchboard-sdk-ios",
      "state" : {
        "revision" : "a79244712c7d08a26abfb1a63747d4ad952e0a89",
        "version" : "1.8.1"
      }
    }
  ],
  "version" : 2
}
