{
  "originHash" : "b243cb6837b3ed98cdb6f41eacf4ebb2cc430f42593d6cacec1f901d423c15df",
  "pins" : [
    {
      "identity" : "agorartcengine_ios",
      "kind" : "remoteSourceControl",
      "location" : "https://github.com/AgoraIO/AgoraRtcEngine_iOS",
      "state" : {
        "revision" : "7cce4dcc6ff7471473195c6ccb5b0aa2a6d5ba42",
        "version" : "3.7.0"
      }
    },
    {
      "identity" : "switchboard-sdk-ios",
      "kind" : "remoteSourceControl",
      "location" : "https://github.com/switchboard-sdk/switchboard-sdk-ios",
      "state" : {
        "revision" : "f14f4bd742aff26d1935b6df770b7fbb3e918ac4",
        "version" : "1.10.0"
      }
    }
  ],
  "version" : 3
}
